// !$*UTF8*$!
{
	archiveVersion = 1;
	classes = {
	};
	objectVersion = 46;
	objects = {

/* Begin PBXBuildFile section */
		9C599E5E1CF6D8EE00294660 /* DetailViewController.swift in Sources */ = {isa = PBXBuildFile; fileRef = 9C599E5D1CF6D8EE00294660 /* DetailViewController.swift */; };
		9C599E601CF7067100294660 /* LoadMoreCell.swift in Sources */ = {isa = PBXBuildFile; fileRef = 9C599E5F1CF7067100294660 /* LoadMoreCell.swift */; };
		9C9CE55A1CEDC7C60035E334 /* AppDelegate.swift in Sources */ = {isa = PBXBuildFile; fileRef = 9C9CE5591CEDC7C60035E334 /* AppDelegate.swift */; };
		9C9CE55C1CEDC7C60035E334 /* ComicsViewController.swift in Sources */ = {isa = PBXBuildFile; fileRef = 9C9CE55B1CEDC7C60035E334 /* ComicsViewController.swift */; };
		9C9CE55E1CEDC7C60035E334 /* SecondViewController.swift in Sources */ = {isa = PBXBuildFile; fileRef = 9C9CE55D1CEDC7C60035E334 /* SecondViewController.swift */; };
		9C9CE5611CEDC7C60035E334 /* Main.storyboard in Resources */ = {isa = PBXBuildFile; fileRef = 9C9CE55F1CEDC7C60035E334 /* Main.storyboard */; };
		9C9CE5631CEDC7C60035E334 /* Assets.xcassets in Resources */ = {isa = PBXBuildFile; fileRef = 9C9CE5621CEDC7C60035E334 /* Assets.xcassets */; };
		9C9CE5661CEDC7C60035E334 /* LaunchScreen.storyboard in Resources */ = {isa = PBXBuildFile; fileRef = 9C9CE5641CEDC7C60035E334 /* LaunchScreen.storyboard */; };
		9CBBEE7A1CF45B4E00F59B52 /* MKAnnotationView+WebCache.m in Sources */ = {isa = PBXBuildFile; fileRef = 9CBBEE5A1CF45B4E00F59B52 /* MKAnnotationView+WebCache.m */; };
		9CBBEE7B1CF45B4E00F59B52 /* NSData+ImageContentType.m in Sources */ = {isa = PBXBuildFile; fileRef = 9CBBEE5C1CF45B4E00F59B52 /* NSData+ImageContentType.m */; };
		9CBBEE7C1CF45B4E00F59B52 /* SDImageCache.m in Sources */ = {isa = PBXBuildFile; fileRef = 9CBBEE5E1CF45B4E00F59B52 /* SDImageCache.m */; };
		9CBBEE7D1CF45B4E00F59B52 /* SDWebImageCompat.m in Sources */ = {isa = PBXBuildFile; fileRef = 9CBBEE601CF45B4E00F59B52 /* SDWebImageCompat.m */; };
		9CBBEE7E1CF45B4E00F59B52 /* SDWebImageDecoder.m in Sources */ = {isa = PBXBuildFile; fileRef = 9CBBEE621CF45B4E00F59B52 /* SDWebImageDecoder.m */; };
		9CBBEE7F1CF45B4E00F59B52 /* SDWebImageDownloader.m in Sources */ = {isa = PBXBuildFile; fileRef = 9CBBEE641CF45B4E00F59B52 /* SDWebImageDownloader.m */; };
		9CBBEE801CF45B4E00F59B52 /* SDWebImageDownloaderOperation.m in Sources */ = {isa = PBXBuildFile; fileRef = 9CBBEE661CF45B4E00F59B52 /* SDWebImageDownloaderOperation.m */; };
		9CBBEE811CF45B4E00F59B52 /* SDWebImageManager.m in Sources */ = {isa = PBXBuildFile; fileRef = 9CBBEE681CF45B4E00F59B52 /* SDWebImageManager.m */; };
		9CBBEE821CF45B4E00F59B52 /* SDWebImagePrefetcher.m in Sources */ = {isa = PBXBuildFile; fileRef = 9CBBEE6B1CF45B4E00F59B52 /* SDWebImagePrefetcher.m */; };
		9CBBEE831CF45B4E00F59B52 /* UIButton+WebCache.m in Sources */ = {isa = PBXBuildFile; fileRef = 9CBBEE6D1CF45B4E00F59B52 /* UIButton+WebCache.m */; };
		9CBBEE841CF45B4E00F59B52 /* UIImage+GIF.m in Sources */ = {isa = PBXBuildFile; fileRef = 9CBBEE6F1CF45B4E00F59B52 /* UIImage+GIF.m */; };
		9CBBEE851CF45B4E00F59B52 /* UIImage+MultiFormat.m in Sources */ = {isa = PBXBuildFile; fileRef = 9CBBEE711CF45B4E00F59B52 /* UIImage+MultiFormat.m */; };
		9CBBEE861CF45B4E00F59B52 /* UIImage+WebP.m in Sources */ = {isa = PBXBuildFile; fileRef = 9CBBEE731CF45B4E00F59B52 /* UIImage+WebP.m */; };
		9CBBEE871CF45B4E00F59B52 /* UIImageView+HighlightedWebCache.m in Sources */ = {isa = PBXBuildFile; fileRef = 9CBBEE751CF45B4E00F59B52 /* UIImageView+HighlightedWebCache.m */; };
		9CBBEE881CF45B4E00F59B52 /* UIImageView+WebCache.m in Sources */ = {isa = PBXBuildFile; fileRef = 9CBBEE771CF45B4E00F59B52 /* UIImageView+WebCache.m */; };
		9CBBEE891CF45B4E00F59B52 /* UIView+WebCacheOperation.m in Sources */ = {isa = PBXBuildFile; fileRef = 9CBBEE791CF45B4E00F59B52 /* UIView+WebCacheOperation.m */; };
		9CCCFE4F1CEF0C920010A050 /* Comic.swift in Sources */ = {isa = PBXBuildFile; fileRef = 9CCCFE4E1CEF0C920010A050 /* Comic.swift */; };
		9CCCFE551CF315200010A050 /* ComicCell.swift in Sources */ = {isa = PBXBuildFile; fileRef = 9CCCFE541CF315200010A050 /* ComicCell.swift */; };
		B72C4C528BF77C605FD8152F /* Pods_MarvellousApp.framework in Frameworks */ = {isa = PBXBuildFile; fileRef = DC535371351B6D3D01153395 /* Pods_MarvellousApp.framework */; };
/* End PBXBuildFile section */

/* Begin PBXFileReference section */
		6E3FC20B2E3CBFE2D5480840 /* Pods-MarvellousApp.debug.xcconfig */ = {isa = PBXFileReference; includeInIndex = 1; lastKnownFileType = text.xcconfig; name = "Pods-MarvellousApp.debug.xcconfig"; path = "Pods/Target Support Files/Pods-MarvellousApp/Pods-MarvellousApp.debug.xcconfig"; sourceTree = "<group>"; };
		8AF4E7F32042A9F1E51AA909 /* Pods-MarvellousApp.release.xcconfig */ = {isa = PBXFileReference; includeInIndex = 1; lastKnownFileType = text.xcconfig; name = "Pods-MarvellousApp.release.xcconfig"; path = "Pods/Target Support Files/Pods-MarvellousApp/Pods-MarvellousApp.release.xcconfig"; sourceTree = "<group>"; };
		9C599E5D1CF6D8EE00294660 /* DetailViewController.swift */ = {isa = PBXFileReference; fileEncoding = 4; lastKnownFileType = sourcecode.swift; path = DetailViewController.swift; sourceTree = "<group>"; };
		9C599E5F1CF7067100294660 /* LoadMoreCell.swift */ = {isa = PBXFileReference; fileEncoding = 4; lastKnownFileType = sourcecode.swift; path = LoadMoreCell.swift; sourceTree = "<group>"; };
		9C9CE5561CEDC7C60035E334 /* MarvellousApp.app */ = {isa = PBXFileReference; explicitFileType = wrapper.application; includeInIndex = 0; path = MarvellousApp.app; sourceTree = BUILT_PRODUCTS_DIR; };
		9C9CE5591CEDC7C60035E334 /* AppDelegate.swift */ = {isa = PBXFileReference; lastKnownFileType = sourcecode.swift; path = AppDelegate.swift; sourceTree = "<group>"; };
		9C9CE55B1CEDC7C60035E334 /* ComicsViewController.swift */ = {isa = PBXFileReference; lastKnownFileType = sourcecode.swift; path = ComicsViewController.swift; sourceTree = "<group>"; };
		9C9CE55D1CEDC7C60035E334 /* SecondViewController.swift */ = {isa = PBXFileReference; lastKnownFileType = sourcecode.swift; path = SecondViewController.swift; sourceTree = "<group>"; };
		9C9CE5601CEDC7C60035E334 /* Base */ = {isa = PBXFileReference; lastKnownFileType = file.storyboard; name = Base; path = Base.lproj/Main.storyboard; sourceTree = "<group>"; };
		9C9CE5621CEDC7C60035E334 /* Assets.xcassets */ = {isa = PBXFileReference; lastKnownFileType = folder.assetcatalog; path = Assets.xcassets; sourceTree = "<group>"; };
		9C9CE5651CEDC7C60035E334 /* Base */ = {isa = PBXFileReference; lastKnownFileType = file.storyboard; name = Base; path = Base.lproj/LaunchScreen.storyboard; sourceTree = "<group>"; };
		9C9CE5671CEDC7C60035E334 /* Info.plist */ = {isa = PBXFileReference; lastKnownFileType = text.plist.xml; path = Info.plist; sourceTree = "<group>"; };
		9CBBEE591CF45B4E00F59B52 /* MKAnnotationView+WebCache.h */ = {isa = PBXFileReference; fileEncoding = 4; lastKnownFileType = sourcecode.c.h; path = "MKAnnotationView+WebCache.h"; sourceTree = "<group>"; };
		9CBBEE5A1CF45B4E00F59B52 /* MKAnnotationView+WebCache.m */ = {isa = PBXFileReference; fileEncoding = 4; lastKnownFileType = sourcecode.c.objc; path = "MKAnnotationView+WebCache.m"; sourceTree = "<group>"; };
		9CBBEE5B1CF45B4E00F59B52 /* NSData+ImageContentType.h */ = {isa = PBXFileReference; fileEncoding = 4; lastKnownFileType = sourcecode.c.h; path = "NSData+ImageContentType.h"; sourceTree = "<group>"; };
		9CBBEE5C1CF45B4E00F59B52 /* NSData+ImageContentType.m */ = {isa = PBXFileReference; fileEncoding = 4; lastKnownFileType = sourcecode.c.objc; path = "NSData+ImageContentType.m"; sourceTree = "<group>"; };
		9CBBEE5D1CF45B4E00F59B52 /* SDImageCache.h */ = {isa = PBXFileReference; fileEncoding = 4; lastKnownFileType = sourcecode.c.h; path = SDImageCache.h; sourceTree = "<group>"; };
		9CBBEE5E1CF45B4E00F59B52 /* SDImageCache.m */ = {isa = PBXFileReference; fileEncoding = 4; lastKnownFileType = sourcecode.c.objc; path = SDImageCache.m; sourceTree = "<group>"; };
		9CBBEE5F1CF45B4E00F59B52 /* SDWebImageCompat.h */ = {isa = PBXFileReference; fileEncoding = 4; lastKnownFileType = sourcecode.c.h; path = SDWebImageCompat.h; sourceTree = "<group>"; };
		9CBBEE601CF45B4E00F59B52 /* SDWebImageCompat.m */ = {isa = PBXFileReference; fileEncoding = 4; lastKnownFileType = sourcecode.c.objc; path = SDWebImageCompat.m; sourceTree = "<group>"; };
		9CBBEE611CF45B4E00F59B52 /* SDWebImageDecoder.h */ = {isa = PBXFileReference; fileEncoding = 4; lastKnownFileType = sourcecode.c.h; path = SDWebImageDecoder.h; sourceTree = "<group>"; };
		9CBBEE621CF45B4E00F59B52 /* SDWebImageDecoder.m */ = {isa = PBXFileReference; fileEncoding = 4; lastKnownFileType = sourcecode.c.objc; path = SDWebImageDecoder.m; sourceTree = "<group>"; };
		9CBBEE631CF45B4E00F59B52 /* SDWebImageDownloader.h */ = {isa = PBXFileReference; fileEncoding = 4; lastKnownFileType = sourcecode.c.h; path = SDWebImageDownloader.h; sourceTree = "<group>"; };
		9CBBEE641CF45B4E00F59B52 /* SDWebImageDownloader.m */ = {isa = PBXFileReference; fileEncoding = 4; lastKnownFileType = sourcecode.c.objc; path = SDWebImageDownloader.m; sourceTree = "<group>"; };
		9CBBEE651CF45B4E00F59B52 /* SDWebImageDownloaderOperation.h */ = {isa = PBXFileReference; fileEncoding = 4; lastKnownFileType = sourcecode.c.h; path = SDWebImageDownloaderOperation.h; sourceTree = "<group>"; };
		9CBBEE661CF45B4E00F59B52 /* SDWebImageDownloaderOperation.m */ = {isa = PBXFileReference; fileEncoding = 4; lastKnownFileType = sourcecode.c.objc; path = SDWebImageDownloaderOperation.m; sourceTree = "<group>"; };
		9CBBEE671CF45B4E00F59B52 /* SDWebImageManager.h */ = {isa = PBXFileReference; fileEncoding = 4; lastKnownFileType = sourcecode.c.h; path = SDWebImageManager.h; sourceTree = "<group>"; };
		9CBBEE681CF45B4E00F59B52 /* SDWebImageManager.m */ = {isa = PBXFileReference; fileEncoding = 4; lastKnownFileType = sourcecode.c.objc; path = SDWebImageManager.m; sourceTree = "<group>"; };
		9CBBEE691CF45B4E00F59B52 /* SDWebImageOperation.h */ = {isa = PBXFileReference; fileEncoding = 4; lastKnownFileType = sourcecode.c.h; path = SDWebImageOperation.h; sourceTree = "<group>"; };
		9CBBEE6A1CF45B4E00F59B52 /* SDWebImagePrefetcher.h */ = {isa = PBXFileReference; fileEncoding = 4; lastKnownFileType = sourcecode.c.h; path = SDWebImagePrefetcher.h; sourceTree = "<group>"; };
		9CBBEE6B1CF45B4E00F59B52 /* SDWebImagePrefetcher.m */ = {isa = PBXFileReference; fileEncoding = 4; lastKnownFileType = sourcecode.c.objc; path = SDWebImagePrefetcher.m; sourceTree = "<group>"; };
		9CBBEE6C1CF45B4E00F59B52 /* UIButton+WebCache.h */ = {isa = PBXFileReference; fileEncoding = 4; lastKnownFileType = sourcecode.c.h; path = "UIButton+WebCache.h"; sourceTree = "<group>"; };
		9CBBEE6D1CF45B4E00F59B52 /* UIButton+WebCache.m */ = {isa = PBXFileReference; fileEncoding = 4; lastKnownFileType = sourcecode.c.objc; path = "UIButton+WebCache.m"; sourceTree = "<group>"; };
		9CBBEE6E1CF45B4E00F59B52 /* UIImage+GIF.h */ = {isa = PBXFileReference; fileEncoding = 4; lastKnownFileType = sourcecode.c.h; path = "UIImage+GIF.h"; sourceTree = "<group>"; };
		9CBBEE6F1CF45B4E00F59B52 /* UIImage+GIF.m */ = {isa = PBXFileReference; fileEncoding = 4; lastKnownFileType = sourcecode.c.objc; path = "UIImage+GIF.m"; sourceTree = "<group>"; };
		9CBBEE701CF45B4E00F59B52 /* UIImage+MultiFormat.h */ = {isa = PBXFileReference; fileEncoding = 4; lastKnownFileType = sourcecode.c.h; path = "UIImage+MultiFormat.h"; sourceTree = "<group>"; };
		9CBBEE711CF45B4E00F59B52 /* UIImage+MultiFormat.m */ = {isa = PBXFileReference; fileEncoding = 4; lastKnownFileType = sourcecode.c.objc; path = "UIImage+MultiFormat.m"; sourceTree = "<group>"; };
		9CBBEE721CF45B4E00F59B52 /* UIImage+WebP.h */ = {isa = PBXFileReference; fileEncoding = 4; lastKnownFileType = sourcecode.c.h; path = "UIImage+WebP.h"; sourceTree = "<group>"; };
		9CBBEE731CF45B4E00F59B52 /* UIImage+WebP.m */ = {isa = PBXFileReference; fileEncoding = 4; lastKnownFileType = sourcecode.c.objc; path = "UIImage+WebP.m"; sourceTree = "<group>"; };
		9CBBEE741CF45B4E00F59B52 /* UIImageView+HighlightedWebCache.h */ = {isa = PBXFileReference; fileEncoding = 4; lastKnownFileType = sourcecode.c.h; path = "UIImageView+HighlightedWebCache.h"; sourceTree = "<group>"; };
		9CBBEE751CF45B4E00F59B52 /* UIImageView+HighlightedWebCache.m */ = {isa = PBXFileReference; fileEncoding = 4; lastKnownFileType = sourcecode.c.objc; path = "UIImageView+HighlightedWebCache.m"; sourceTree = "<group>"; };
		9CBBEE761CF45B4E00F59B52 /* UIImageView+WebCache.h */ = {isa = PBXFileReference; fileEncoding = 4; lastKnownFileType = sourcecode.c.h; path = "UIImageView+WebCache.h"; sourceTree = "<group>"; };
		9CBBEE771CF45B4E00F59B52 /* UIImageView+WebCache.m */ = {isa = PBXFileReference; fileEncoding = 4; lastKnownFileType = sourcecode.c.objc; path = "UIImageView+WebCache.m"; sourceTree = "<group>"; };
		9CBBEE781CF45B4E00F59B52 /* UIView+WebCacheOperation.h */ = {isa = PBXFileReference; fileEncoding = 4; lastKnownFileType = sourcecode.c.h; path = "UIView+WebCacheOperation.h"; sourceTree = "<group>"; };
		9CBBEE791CF45B4E00F59B52 /* UIView+WebCacheOperation.m */ = {isa = PBXFileReference; fileEncoding = 4; lastKnownFileType = sourcecode.c.objc; path = "UIView+WebCacheOperation.m"; sourceTree = "<group>"; };
		9CBBEE8A1CF45C1900F59B52 /* MarvellousApp-Bridging-Header.h */ = {isa = PBXFileReference; lastKnownFileType = sourcecode.c.h; path = "MarvellousApp-Bridging-Header.h"; sourceTree = "<group>"; };
		9CCCFE4E1CEF0C920010A050 /* Comic.swift */ = {isa = PBXFileReference; fileEncoding = 4; lastKnownFileType = sourcecode.swift; path = Comic.swift; sourceTree = "<group>"; };
		9CCCFE541CF315200010A050 /* ComicCell.swift */ = {isa = PBXFileReference; fileEncoding = 4; lastKnownFileType = sourcecode.swift; path = ComicCell.swift; sourceTree = "<group>"; };
		DC535371351B6D3D01153395 /* Pods_MarvellousApp.framework */ = {isa = PBXFileReference; explicitFileType = wrapper.framework; includeInIndex = 0; path = Pods_MarvellousApp.framework; sourceTree = BUILT_PRODUCTS_DIR; };
/* End PBXFileReference section */

/* Begin PBXFrameworksBuildPhase section */
		9C9CE5531CEDC7C60035E334 /* Frameworks */ = {
			isa = PBXFrameworksBuildPhase;
			buildActionMask = 2147483647;
			files = (
				B72C4C528BF77C605FD8152F /* Pods_MarvellousApp.framework in Frameworks */,
			);
			runOnlyForDeploymentPostprocessing = 0;
		};
/* End PBXFrameworksBuildPhase section */

/* Begin PBXGroup section */
		1C8DA49C56D0AB6681965457 /* Pods */ = {
			isa = PBXGroup;
			children = (
				6E3FC20B2E3CBFE2D5480840 /* Pods-MarvellousApp.debug.xcconfig */,
				8AF4E7F32042A9F1E51AA909 /* Pods-MarvellousApp.release.xcconfig */,
			);
			name = Pods;
			sourceTree = "<group>";
		};
		8DED7A2391DEE006657C3B59 /* Frameworks */ = {
			isa = PBXGroup;
			children = (
				DC535371351B6D3D01153395 /* Pods_MarvellousApp.framework */,
			);
			name = Frameworks;
			sourceTree = "<group>";
		};
		9C9CE54D1CEDC7C60035E334 = {
			isa = PBXGroup;
			children = (
				9C9CE5581CEDC7C60035E334 /* MarvellousApp */,
				9C9CE5571CEDC7C60035E334 /* Products */,
				1C8DA49C56D0AB6681965457 /* Pods */,
				8DED7A2391DEE006657C3B59 /* Frameworks */,
			);
			sourceTree = "<group>";
		};
		9C9CE5571CEDC7C60035E334 /* Products */ = {
			isa = PBXGroup;
			children = (
				9C9CE5561CEDC7C60035E334 /* MarvellousApp.app */,
			);
			name = Products;
			sourceTree = "<group>";
		};
		9C9CE5581CEDC7C60035E334 /* MarvellousApp */ = {
			isa = PBXGroup;
			children = (
				9CCCFE531CF314FD0010A050 /* Views */,
				9CCCFE4D1CEF0C7E0010A050 /* Models */,
				9C9CE5591CEDC7C60035E334 /* AppDelegate.swift */,
				9C9CE55B1CEDC7C60035E334 /* ComicsViewController.swift */,
				9C9CE55D1CEDC7C60035E334 /* SecondViewController.swift */,
				9C599E5D1CF6D8EE00294660 /* DetailViewController.swift */,
				9C9CE55F1CEDC7C60035E334 /* Main.storyboard */,
				9C9CE5621CEDC7C60035E334 /* Assets.xcassets */,
				9C9CE5641CEDC7C60035E334 /* LaunchScreen.storyboard */,
				9C9CE5671CEDC7C60035E334 /* Info.plist */,
				9CBBEE571CF45B4E00F59B52 /* Libs */,
			);
			path = MarvellousApp;
			sourceTree = "<group>";
		};
		9CBBEE571CF45B4E00F59B52 /* Libs */ = {
			isa = PBXGroup;
			children = (
				9CBBEE581CF45B4E00F59B52 /* SDWebImage */,
				9CBBEE8A1CF45C1900F59B52 /* MarvellousApp-Bridging-Header.h */,
			);
			path = Libs;
			sourceTree = "<group>";
		};
		9CBBEE581CF45B4E00F59B52 /* SDWebImage */ = {
			isa = PBXGroup;
			children = (
				9CBBEE591CF45B4E00F59B52 /* MKAnnotationView+WebCache.h */,
				9CBBEE5A1CF45B4E00F59B52 /* MKAnnotationView+WebCache.m */,
				9CBBEE5B1CF45B4E00F59B52 /* NSData+ImageContentType.h */,
				9CBBEE5C1CF45B4E00F59B52 /* NSData+ImageContentType.m */,
				9CBBEE5D1CF45B4E00F59B52 /* SDImageCache.h */,
				9CBBEE5E1CF45B4E00F59B52 /* SDImageCache.m */,
				9CBBEE5F1CF45B4E00F59B52 /* SDWebImageCompat.h */,
				9CBBEE601CF45B4E00F59B52 /* SDWebImageCompat.m */,
				9CBBEE611CF45B4E00F59B52 /* SDWebImageDecoder.h */,
				9CBBEE621CF45B4E00F59B52 /* SDWebImageDecoder.m */,
				9CBBEE631CF45B4E00F59B52 /* SDWebImageDownloader.h */,
				9CBBEE641CF45B4E00F59B52 /* SDWebImageDownloader.m */,
				9CBBEE651CF45B4E00F59B52 /* SDWebImageDownloaderOperation.h */,
				9CBBEE661CF45B4E00F59B52 /* SDWebImageDownloaderOperation.m */,
				9CBBEE671CF45B4E00F59B52 /* SDWebImageManager.h */,
				9CBBEE681CF45B4E00F59B52 /* SDWebImageManager.m */,
				9CBBEE691CF45B4E00F59B52 /* SDWebImageOperation.h */,
				9CBBEE6A1CF45B4E00F59B52 /* SDWebImagePrefetcher.h */,
				9CBBEE6B1CF45B4E00F59B52 /* SDWebImagePrefetcher.m */,
				9CBBEE6C1CF45B4E00F59B52 /* UIButton+WebCache.h */,
				9CBBEE6D1CF45B4E00F59B52 /* UIButton+WebCache.m */,
				9CBBEE6E1CF45B4E00F59B52 /* UIImage+GIF.h */,
				9CBBEE6F1CF45B4E00F59B52 /* UIImage+GIF.m */,
				9CBBEE701CF45B4E00F59B52 /* UIImage+MultiFormat.h */,
				9CBBEE711CF45B4E00F59B52 /* UIImage+MultiFormat.m */,
				9CBBEE721CF45B4E00F59B52 /* UIImage+WebP.h */,
				9CBBEE731CF45B4E00F59B52 /* UIImage+WebP.m */,
				9CBBEE741CF45B4E00F59B52 /* UIImageView+HighlightedWebCache.h */,
				9CBBEE751CF45B4E00F59B52 /* UIImageView+HighlightedWebCache.m */,
				9CBBEE761CF45B4E00F59B52 /* UIImageView+WebCache.h */,
				9CBBEE771CF45B4E00F59B52 /* UIImageView+WebCache.m */,
				9CBBEE781CF45B4E00F59B52 /* UIView+WebCacheOperation.h */,
				9CBBEE791CF45B4E00F59B52 /* UIView+WebCacheOperation.m */,
			);
			path = SDWebImage;
			sourceTree = "<group>";
		};
		9CCCFE4D1CEF0C7E0010A050 /* Models */ = {
			isa = PBXGroup;
			children = (
				9CCCFE4E1CEF0C920010A050 /* Comic.swift */,
			);
			path = Models;
			sourceTree = "<group>";
		};
		9CCCFE531CF314FD0010A050 /* Views */ = {
			isa = PBXGroup;
			children = (
				9CCCFE541CF315200010A050 /* ComicCell.swift */,
				9C599E5F1CF7067100294660 /* LoadMoreCell.swift */,
			);
			path = Views;
			sourceTree = "<group>";
		};
/* End PBXGroup section */

/* Begin PBXNativeTarget section */
		9C9CE5551CEDC7C60035E334 /* MarvellousApp */ = {
			isa = PBXNativeTarget;
			buildConfigurationList = 9C9CE56A1CEDC7C60035E334 /* Build configuration list for PBXNativeTarget "MarvellousApp" */;
			buildPhases = (
				9E399E51E0B4E907B6C656FA /* Check Pods Manifest.lock */,
				9C9CE5521CEDC7C60035E334 /* Sources */,
				9C9CE5531CEDC7C60035E334 /* Frameworks */,
				9C9CE5541CEDC7C60035E334 /* Resources */,
				B0737C71BDC5133978560A82 /* Embed Pods Frameworks */,
				09E18F65038E94CE84BE2A93 /* Copy Pods Resources */,
			);
			buildRules = (
			);
			dependencies = (
			);
			name = MarvellousApp;
			productName = MarvellousApp;
			productReference = 9C9CE5561CEDC7C60035E334 /* MarvellousApp.app */;
			productType = "com.apple.product-type.application";
		};
/* End PBXNativeTarget section */

/* Begin PBXProject section */
		9C9CE54E1CEDC7C60035E334 /* Project object */ = {
			isa = PBXProject;
			attributes = {
				LastSwiftUpdateCheck = 0730;
				LastUpgradeCheck = 0730;
				ORGANIZATIONNAME = "Web School Factory";
				TargetAttributes = {
					9C9CE5551CEDC7C60035E334 = {
						CreatedOnToolsVersion = 7.3.1;
					};
				};
			};
			buildConfigurationList = 9C9CE5511CEDC7C60035E334 /* Build configuration list for PBXProject "MarvellousApp" */;
			compatibilityVersion = "Xcode 3.2";
			developmentRegion = English;
			hasScannedForEncodings = 0;
			knownRegions = (
				en,
				Base,
			);
			mainGroup = 9C9CE54D1CEDC7C60035E334;
			productRefGroup = 9C9CE5571CEDC7C60035E334 /* Products */;
			projectDirPath = "";
			projectRoot = "";
			targets = (
				9C9CE5551CEDC7C60035E334 /* MarvellousApp */,
			);
		};
/* End PBXProject section */

/* Begin PBXResourcesBuildPhase section */
		9C9CE5541CEDC7C60035E334 /* Resources */ = {
			isa = PBXResourcesBuildPhase;
			buildActionMask = 2147483647;
			files = (
				9C9CE5661CEDC7C60035E334 /* LaunchScreen.storyboard in Resources */,
				9C9CE5631CEDC7C60035E334 /* Assets.xcassets in Resources */,
				9C9CE5611CEDC7C60035E334 /* Main.storyboard in Resources */,
			);
			runOnlyForDeploymentPostprocessing = 0;
		};
/* End PBXResourcesBuildPhase section */

/* Begin PBXShellScriptBuildPhase section */
		09E18F65038E94CE84BE2A93 /* Copy Pods Resources */ = {
			isa = PBXShellScriptBuildPhase;
			buildActionMask = 2147483647;
			files = (
			);
			inputPaths = (
			);
			name = "Copy Pods Resources";
			outputPaths = (
			);
			runOnlyForDeploymentPostprocessing = 0;
			shellPath = /bin/sh;
			shellScript = "\"${SRCROOT}/Pods/Target Support Files/Pods-MarvellousApp/Pods-MarvellousApp-resources.sh\"\n";
			showEnvVarsInLog = 0;
		};
		9E399E51E0B4E907B6C656FA /* Check Pods Manifest.lock */ = {
			isa = PBXShellScriptBuildPhase;
			buildActionMask = 2147483647;
			files = (
			);
			inputPaths = (
			);
			name = "Check Pods Manifest.lock";
			outputPaths = (
			);
			runOnlyForDeploymentPostprocessing = 0;
			shellPath = /bin/sh;
			shellScript = "diff \"${PODS_ROOT}/../Podfile.lock\" \"${PODS_ROOT}/Manifest.lock\" > /dev/null\nif [[ $? != 0 ]] ; then\n    cat << EOM\nerror: The sandbox is not in sync with the Podfile.lock. Run 'pod install' or update your CocoaPods installation.\nEOM\n    exit 1\nfi\n";
			showEnvVarsInLog = 0;
		};
		B0737C71BDC5133978560A82 /* Embed Pods Frameworks */ = {
			isa = PBXShellScriptBuildPhase;
			buildActionMask = 2147483647;
			files = (
			);
			inputPaths = (
			);
			name = "Embed Pods Frameworks";
			outputPaths = (
			);
			runOnlyForDeploymentPostprocessing = 0;
			shellPath = /bin/sh;
			shellScript = "\"${SRCROOT}/Pods/Target Support Files/Pods-MarvellousApp/Pods-MarvellousApp-frameworks.sh\"\n";
			showEnvVarsInLog = 0;
		};
/* End PBXShellScriptBuildPhase section */

/* Begin PBXSourcesBuildPhase section */
		9C9CE5521CEDC7C60035E334 /* Sources */ = {
			isa = PBXSourcesBuildPhase;
			buildActionMask = 2147483647;
			files = (
				9C9CE55E1CEDC7C60035E334 /* SecondViewController.swift in Sources */,
				9C599E601CF7067100294660 /* LoadMoreCell.swift in Sources */,
				9CBBEE871CF45B4E00F59B52 /* UIImageView+HighlightedWebCache.m in Sources */,
				9CBBEE881CF45B4E00F59B52 /* UIImageView+WebCache.m in Sources */,
				9CBBEE861CF45B4E00F59B52 /* UIImage+WebP.m in Sources */,
				9CBBEE821CF45B4E00F59B52 /* SDWebImagePrefetcher.m in Sources */,
				9CCCFE4F1CEF0C920010A050 /* Comic.swift in Sources */,
				9CBBEE7E1CF45B4E00F59B52 /* SDWebImageDecoder.m in Sources */,
				9CBBEE7F1CF45B4E00F59B52 /* SDWebImageDownloader.m in Sources */,
				9C9CE55A1CEDC7C60035E334 /* AppDelegate.swift in Sources */,
				9CBBEE811CF45B4E00F59B52 /* SDWebImageManager.m in Sources */,
				9CBBEE891CF45B4E00F59B52 /* UIView+WebCacheOperation.m in Sources */,
				9C599E5E1CF6D8EE00294660 /* DetailViewController.swift in Sources */,
				9CBBEE831CF45B4E00F59B52 /* UIButton+WebCache.m in Sources */,
				9CBBEE851CF45B4E00F59B52 /* UIImage+MultiFormat.m in Sources */,
				9C9CE55C1CEDC7C60035E334 /* ComicsViewController.swift in Sources */,
				9CBBEE801CF45B4E00F59B52 /* SDWebImageDownloaderOperation.m in Sources */,
				9CBBEE841CF45B4E00F59B52 /* UIImage+GIF.m in Sources */,
				9CBBEE7D1CF45B4E00F59B52 /* SDWebImageCompat.m in Sources */,
				9CBBEE7B1CF45B4E00F59B52 /* NSData+ImageContentType.m in Sources */,
				9CCCFE551CF315200010A050 /* ComicCell.swift in Sources */,
				9CBBEE7A1CF45B4E00F59B52 /* MKAnnotationView+WebCache.m in Sources */,
				9CBBEE7C1CF45B4E00F59B52 /* SDImageCache.m in Sources */,
			);
			runOnlyForDeploymentPostprocessing = 0;
		};
/* End PBXSourcesBuildPhase section */

/* Begin PBXVariantGroup section */
		9C9CE55F1CEDC7C60035E334 /* Main.storyboard */ = {
			isa = PBXVariantGroup;
			children = (
				9C9CE5601CEDC7C60035E334 /* Base */,
			);
			name = Main.storyboard;
			sourceTree = "<group>";
		};
		9C9CE5641CEDC7C60035E334 /* LaunchScreen.storyboard */ = {
			isa = PBXVariantGroup;
			children = (
				9C9CE5651CEDC7C60035E334 /* Base */,
			);
			name = LaunchScreen.storyboard;
			sourceTree = "<group>";
		};
/* End PBXVariantGroup section */

/* Begin XCBuildConfiguration section */
		9C9CE5681CEDC7C60035E334 /* Debug */ = {
			isa = XCBuildConfiguration;
			buildSettings = {
				ALWAYS_SEARCH_USER_PATHS = NO;
				CLANG_ANALYZER_NONNULL = YES;
				CLANG_CXX_LANGUAGE_STANDARD = "gnu++0x";
				CLANG_CXX_LIBRARY = "libc++";
				CLANG_ENABLE_MODULES = YES;
				CLANG_ENABLE_OBJC_ARC = YES;
				CLANG_WARN_BOOL_CONVERSION = YES;
				CLANG_WARN_CONSTANT_CONVERSION = YES;
				CLANG_WARN_DIRECT_OBJC_ISA_USAGE = YES_ERROR;
				CLANG_WARN_EMPTY_BODY = YES;
				CLANG_WARN_ENUM_CONVERSION = YES;
				CLANG_WARN_INT_CONVERSION = YES;
				CLANG_WARN_OBJC_ROOT_CLASS = YES_ERROR;
				CLANG_WARN_UNREACHABLE_CODE = YES;
				CLANG_WARN__DUPLICATE_METHOD_MATCH = YES;
				"CODE_SIGN_IDENTITY[sdk=iphoneos*]" = "iPhone Developer";
				COPY_PHASE_STRIP = NO;
				DEBUG_INFORMATION_FORMAT = dwarf;
				ENABLE_STRICT_OBJC_MSGSEND = YES;
				ENABLE_TESTABILITY = YES;
				GCC_C_LANGUAGE_STANDARD = gnu99;
				GCC_DYNAMIC_NO_PIC = NO;
				GCC_NO_COMMON_BLOCKS = YES;
				GCC_OPTIMIZATION_LEVEL = 0;
				GCC_PREPROCESSOR_DEFINITIONS = (
					"DEBUG=1",
					"$(inherited)",
				);
				GCC_WARN_64_TO_32_BIT_CONVERSION = YES;
				GCC_WARN_ABOUT_RETURN_TYPE = YES_ERROR;
				GCC_WARN_UNDECLARED_SELECTOR = YES;
				GCC_WARN_UNINITIALIZED_AUTOS = YES_AGGRESSIVE;
				GCC_WARN_UNUSED_FUNCTION = YES;
				GCC_WARN_UNUSED_VARIABLE = YES;
				IPHONEOS_DEPLOYMENT_TARGET = 9.3;
				MTL_ENABLE_DEBUG_INFO = YES;
				ONLY_ACTIVE_ARCH = YES;
				SDKROOT = iphoneos;
				SWIFT_OBJC_BRIDGING_HEADER = "MarvellousApp/Libs/MarvellousApp-Bridging-Header.h";
				SWIFT_OPTIMIZATION_LEVEL = "-Onone";
			};
			name = Debug;
		};
		9C9CE5691CEDC7C60035E334 /* Release */ = {
			isa = XCBuildConfiguration;
			buildSettings = {
				ALWAYS_SEARCH_USER_PATHS = NO;
				CLANG_ANALYZER_NONNULL = YES;
				CLANG_CXX_LANGUAGE_STANDARD = "gnu++0x";
				CLANG_CXX_LIBRARY = "libc++";
				CLANG_ENABLE_MODULES = YES;
				CLANG_ENABLE_OBJC_ARC = YES;
				CLANG_WARN_BOOL_CONVERSION = YES;
				CLANG_WARN_CONSTANT_CONVERSION = YES;
				CLANG_WARN_DIRECT_OBJC_ISA_USAGE = YES_ERROR;
				CLANG_WARN_EMPTY_BODY = YES;
				CLANG_WARN_ENUM_CONVERSION = YES;
				CLANG_WARN_INT_CONVERSION = YES;
				CLANG_WARN_OBJC_ROOT_CLASS = YES_ERROR;
				CLANG_WARN_UNREACHABLE_CODE = YES;
				CLANG_WARN__DUPLICATE_METHOD_MATCH = YES;
				"CODE_SIGN_IDENTITY[sdk=iphoneos*]" = "iPhone Developer";
				COPY_PHASE_STRIP = NO;
				DEBUG_INFORMATION_FORMAT = "dwarf-with-dsym";
				ENABLE_NS_ASSERTIONS = NO;
				ENABLE_STRICT_OBJC_MSGSEND = YES;
				GCC_C_LANGUAGE_STANDARD = gnu99;
				GCC_NO_COMMON_BLOCKS = YES;
				GCC_WARN_64_TO_32_BIT_CONVERSION = YES;
				GCC_WARN_ABOUT_RETURN_TYPE = YES_ERROR;
				GCC_WARN_UNDECLARED_SELECTOR = YES;
				GCC_WARN_UNINITIALIZED_AUTOS = YES_AGGRESSIVE;
				GCC_WARN_UNUSED_FUNCTION = YES;
				GCC_WARN_UNUSED_VARIABLE = YES;
				IPHONEOS_DEPLOYMENT_TARGET = 9.3;
				MTL_ENABLE_DEBUG_INFO = NO;
				SDKROOT = iphoneos;
				SWIFT_OBJC_BRIDGING_HEADER = "MarvellousApp/Libs/MarvellousApp-Bridging-Header.h";
				VALIDATE_PRODUCT = YES;
			};
			name = Release;
		};
		9C9CE56B1CEDC7C60035E334 /* Debug */ = {
			isa = XCBuildConfiguration;
			baseConfigurationReference = 6E3FC20B2E3CBFE2D5480840 /* Pods-MarvellousApp.debug.xcconfig */;
			buildSettings = {
				ASSETCATALOG_COMPILER_APPICON_NAME = AppIcon;
				INFOPLIST_FILE = MarvellousApp/Info.plist;
				LD_RUNPATH_SEARCH_PATHS = "$(inherited) @executable_path/Frameworks";
				PRODUCT_BUNDLE_IDENTIFIER = com.wsf.marvellous.MarvellousApp;
				PRODUCT_NAME = "$(TARGET_NAME)";
			};
			name = Debug;
		};
		9C9CE56C1CEDC7C60035E334 /* Release */ = {
			isa = XCBuildConfiguration;
			baseConfigurationReference = 8AF4E7F32042A9F1E51AA909 /* Pods-MarvellousApp.release.xcconfig */;
			buildSettings = {
				ASSETCATALOG_COMPILER_APPICON_NAME = AppIcon;
				INFOPLIST_FILE = MarvellousApp/Info.plist;
				LD_RUNPATH_SEARCH_PATHS = "$(inherited) @executable_path/Frameworks";
				PRODUCT_BUNDLE_IDENTIFIER = com.wsf.marvellous.MarvellousApp;
				PRODUCT_NAME = "$(TARGET_NAME)";
			};
			name = Release;
		};
/* End XCBuildConfiguration section */

/* Begin XCConfigurationList section */
		9C9CE5511CEDC7C60035E334 /* Build configuration list for PBXProject "MarvellousApp" */ = {
			isa = XCConfigurationList;
			buildConfigurations = (
				9C9CE5681CEDC7C60035E334 /* Debug */,
				9C9CE5691CEDC7C60035E334 /* Release */,
			);
			defaultConfigurationIsVisible = 0;
			defaultConfigurationName = Release;
		};
		9C9CE56A1CEDC7C60035E334 /* Build configuration list for PBXNativeTarget "MarvellousApp" */ = {
			isa = XCConfigurationList;
			buildConfigurations = (
				9C9CE56B1CEDC7C60035E334 /* Debug */,
				9C9CE56C1CEDC7C60035E334 /* Release */,
			);
			defaultConfigurationIsVisible = 0;
			defaultConfigurationName = Release;
		};
/* End XCConfigurationList section */
	};
	rootObject = 9C9CE54E1CEDC7C60035E334 /* Project object */;
}
